
Microsoft Visual Studio Solution File, Format Version 12.00
Project("{FAE04EC0-301F-11D3-BF4B-00C04F79EFBC}") = "TestCreator", "TestCreator\TestCreator.csproj", "{346AF5A1-45B3-4A78-B6C5-26F1B90A8B02}"
EndProject
Global
	GlobalSection(SolutionConfigurationPlatforms) = preSolution
		Debug|Any CPU = Debug|Any CPU
		Release|Any CPU = Release|Any CPU
	EndGlobalSection
	GlobalSection(ProjectConfigurationPlatforms) = postSolution
		{346AF5A1-45B3-4A78-B6C5-26F1B90A8B02}.Debug|Any CPU.ActiveCfg = Debug|Any CPU
		{346AF5A1-45B3-4A78-B6C5-26F1B90A8B02}.Debug|Any CPU.Build.0 = Debug|Any CPU
		{346AF5A1-45B3-4A78-B6C5-26F1B90A8B02}.Release|Any CPU.ActiveCfg = Release|Any CPU
		{346AF5A1-45B3-4A78-B6C5-26F1B90A8B02}.Release|Any CPU.Build.0 = Release|Any CPU
	EndGlobalSection
EndGlobal
